
Microsoft Visual Studio Solution File, Format Version 12.00
# Visual Studio 2012
Project("{FAE04EC0-301F-11D3-BF4B-00C04F79EFBC}") = "MachineApi", "MachineApi\MachineApi.csproj", "{8DA2BE0D-0269-4E42-BA05-18160F14FE76}"
EndProject
Global
	GlobalSection(SolutionConfigurationPlatforms) = preSolution
		Debug|Any CPU = Debug|Any CPU
		Release|Any CPU = Release|Any CPU
	EndGlobalSection
	GlobalSection(ProjectConfigurationPlatforms) = postSolution
		{8DA2BE0D-0269-4E42-BA05-18160F14FE76}.Debug|Any CPU.ActiveCfg = Debug|Any CPU
		{8DA2BE0D-0269-4E42-BA05-18160F14FE76}.Debug|Any CPU.Build.0 = Debug|Any CPU
		{8DA2BE0D-0269-4E42-BA05-18160F14FE76}.Release|Any CPU.ActiveCfg = Release|Any CPU
		{8DA2BE0D-0269-4E42-BA05-18160F14FE76}.Release|Any CPU.Build.0 = Release|Any CPU
	EndGlobalSection
	GlobalSection(SolutionProperties) = preSolution
		HideSolutionNode = FALSE
	EndGlobalSection
EndGlobal
